// !$*UTF8*$!
{
	archiveVersion = 1;
	classes = {
	};
	objectVersion = 46;
	objects = {

/* Begin PBXBuildFile section */
		0F3528EE1F4C0AD00088E524 /* Localizable.strings in Resources */ = {isa = PBXBuildFile; fileRef = 0F3528F01F4C0AD00088E524 /* Localizable.strings */; };
		0F3528F31F4C0C4B0088E524 /* Login.storyboard in Resources */ = {isa = PBXBuildFile; fileRef = 0F3528F51F4C0C4B0088E524 /* Login.storyboard */; };
		0F3E0A501F67AC2C00CCA432 /* ExpirationDateController.swift in Sources */ = {isa = PBXBuildFile; fileRef = 0F3E0A4F1F67AC2C00CCA432 /* ExpirationDateController.swift */; };
		0F58A1651EE6A77100ADADE3 /* AntModel.swift in Sources */ = {isa = PBXBuildFile; fileRef = 0F58A1641EE6A77100ADADE3 /* AntModel.swift */; };
		0F6A8F161F725D4B002274B8 /* PaymentWebVC.swift in Sources */ = {isa = PBXBuildFile; fileRef = 0F6A8F151F725D4B002274B8 /* PaymentWebVC.swift */; };
		0F8C47241F59030D00DB1965 /* OnlineChatListVC.swift in Sources */ = {isa = PBXBuildFile; fileRef = 0F8C47231F59030D00DB1965 /* OnlineChatListVC.swift */; };
		0F8C47271F59096600DB1965 /* OnlineUserCell.swift in Sources */ = {isa = PBXBuildFile; fileRef = 0F8C47261F59096600DB1965 /* OnlineUserCell.swift */; };
		0F8C47291F59098900DB1965 /* OnlineStaffCell.swift in Sources */ = {isa = PBXBuildFile; fileRef = 0F8C47281F59098900DB1965 /* OnlineStaffCell.swift */; };
		0FA5234B1F57A63D000E3B2E /* AutoGenStrings.py in Resources */ = {isa = PBXBuildFile; fileRef = 0F3528E61F4C08C90088E524 /* AutoGenStrings.py */; };
		0FA5234D1F57A924000E3B2E /* TicketPaymentVC.swift in Sources */ = {isa = PBXBuildFile; fileRef = 0FA5234C1F57A924000E3B2E /* TicketPaymentVC.swift */; };
		0FABDB891F69166900D8C2AD /* TermsConditionsController.swift in Sources */ = {isa = PBXBuildFile; fileRef = 0FABDB881F69166900D8C2AD /* TermsConditionsController.swift */; };
		0FE085BC1F58053C000D8CC9 /* CasesDetailVC.swift in Sources */ = {isa = PBXBuildFile; fileRef = 0FE085BB1F58053C000D8CC9 /* CasesDetailVC.swift */; };
		0FE085C21F5808EE000D8CC9 /* CasesDetailImageCell.swift in Sources */ = {isa = PBXBuildFile; fileRef = 0FE085C11F5808EE000D8CC9 /* CasesDetailImageCell.swift */; };
		0FF34E9C1F4AC37700931414 /* ShareWebVC.swift in Sources */ = {isa = PBXBuildFile; fileRef = 0FF34E9B1F4AC37700931414 /* ShareWebVC.swift */; };
		0FF8D07C1F4AE7C600C6FA73 /* OnlineChatVC.swift in Sources */ = {isa = PBXBuildFile; fileRef = 0FF8D07B1F4AE7C600C6FA73 /* OnlineChatVC.swift */; };
		6B19540E1EB5F3B400C920EC /* ProfileVC.swift in Sources */ = {isa = PBXBuildFile; fileRef = 6B19540D1EB5F3B400C920EC /* ProfileVC.swift */; };
		6B1954111EB5F6E000C920EC /* ProfileCell.swift in Sources */ = {isa = PBXBuildFile; fileRef = 6B1954101EB5F6E000C920EC /* ProfileCell.swift */; };
		6B1954131EB5FBA600C920EC /* EditProfileVC.swift in Sources */ = {isa = PBXBuildFile; fileRef = 6B1954121EB5FBA600C920EC /* EditProfileVC.swift */; };
		6B1954161EB6085B00C920EC /* EditProfileCell.swift in Sources */ = {isa = PBXBuildFile; fileRef = 6B1954141EB6085B00C920EC /* EditProfileCell.swift */; };
		6B1954171EB6085B00C920EC /* EditProfileCell.xib in Resources */ = {isa = PBXBuildFile; fileRef = 6B1954151EB6085B00C920EC /* EditProfileCell.xib */; };
		6B1954191EB6146000C920EC /* DiverLicenseVC.swift in Sources */ = {isa = PBXBuildFile; fileRef = 6B1954181EB6146000C920EC /* DiverLicenseVC.swift */; };
		6B339CA61EB4B9BC00DB6BF4 /* LanguageVC.swift in Sources */ = {isa = PBXBuildFile; fileRef = 6B339CA51EB4B9BC00DB6BF4 /* LanguageVC.swift */; };
		6B339CA81EB4BB0500DB6BF4 /* LanguageManager.swift in Sources */ = {isa = PBXBuildFile; fileRef = 6B339CA71EB4BB0500DB6BF4 /* LanguageManager.swift */; };
		6B339CAB1EB4C62100DB6BF4 /* NSBundle+Language.m in Sources */ = {isa = PBXBuildFile; fileRef = 6B339CAA1EB4C62100DB6BF4 /* NSBundle+Language.m */; };
		6B339CB21EB4CBBA00DB6BF4 /* LoginVC.swift in Sources */ = {isa = PBXBuildFile; fileRef = 6B339CB11EB4CBBA00DB6BF4 /* LoginVC.swift */; };
		6B4FFC031EA8E42A00DB1872 /* AntController.swift in Sources */ = {isa = PBXBuildFile; fileRef = 6B4FFBFD1EA8E42A00DB1872 /* AntController.swift */; };
		6B4FFC041EA8E42A00DB1872 /* AntDefault.swift in Sources */ = {isa = PBXBuildFile; fileRef = 6B4FFBFE1EA8E42A00DB1872 /* AntDefault.swift */; };
		6B4FFC051EA8E42A00DB1872 /* AntNavController.swift in Sources */ = {isa = PBXBuildFile; fileRef = 6B4FFBFF1EA8E42A00DB1872 /* AntNavController.swift */; };
		6B4FFC061EA8E42A00DB1872 /* AntSingleton.swift in Sources */ = {isa = PBXBuildFile; fileRef = 6B4FFC001EA8E42A00DB1872 /* AntSingleton.swift */; };
		6B4FFC071EA8E42A00DB1872 /* Common.swift in Sources */ = {isa = PBXBuildFile; fileRef = 6B4FFC021EA8E42A00DB1872 /* Common.swift */; };
		6B82C6061EAA057C00B05FC4 /* MyCasesCell.swift in Sources */ = {isa = PBXBuildFile; fileRef = 6B82C6051EAA057C00B05FC4 /* MyCasesCell.swift */; };
		6B82C6081EAA0C7200B05FC4 /* MyCasesDetailVC.swift in Sources */ = {isa = PBXBuildFile; fileRef = 6B82C6071EAA0C7200B05FC4 /* MyCasesDetailVC.swift */; };
		6B8CABE41EB5A922008B4967 /* LoginTextField.swift in Sources */ = {isa = PBXBuildFile; fileRef = 6B8CABE31EB5A922008B4967 /* LoginTextField.swift */; };
		6B8CABE61EB5B63E008B4967 /* RegisterVC.swift in Sources */ = {isa = PBXBuildFile; fileRef = 6B8CABE51EB5B63E008B4967 /* RegisterVC.swift */; };
		6B8CABE81EB5BC56008B4967 /* ForgotPasswordVC.swift in Sources */ = {isa = PBXBuildFile; fileRef = 6B8CABE71EB5BC56008B4967 /* ForgotPasswordVC.swift */; };
		6B8CABEA1EB5C0C0008B4967 /* SetPasswordVC.swift in Sources */ = {isa = PBXBuildFile; fileRef = 6B8CABE91EB5C0C0008B4967 /* SetPasswordVC.swift */; };
		6B9DA2CD1EB460D200C00FC7 /* LookPictureVC.swift in Sources */ = {isa = PBXBuildFile; fileRef = 6B9DA2CC1EB460D200C00FC7 /* LookPictureVC.swift */; };
		6B9DA2CF1EB4636200C00FC7 /* LookPictureCell.swift in Sources */ = {isa = PBXBuildFile; fileRef = 6B9DA2CE1EB4636200C00FC7 /* LookPictureCell.swift */; };
		6BB6A5B41EAB8BC0000D9AAE /* MyCasesDetailCell.swift in Sources */ = {isa = PBXBuildFile; fileRef = 6BB6A5B31EAB8BC0000D9AAE /* MyCasesDetailCell.swift */; };
		6BB6A5B61EAB8BCF000D9AAE /* MyCasesDetailImageCell.swift in Sources */ = {isa = PBXBuildFile; fileRef = 6BB6A5B51EAB8BCF000D9AAE /* MyCasesDetailImageCell.swift */; };
		6BB73D5E1EB706CF0085A44F /* FileTicketVC.swift in Sources */ = {isa = PBXBuildFile; fileRef = 6BB73D5D1EB706CF0085A44F /* FileTicketVC.swift */; };
		6BB73D601EB709A00085A44F /* FileTicketCell.swift in Sources */ = {isa = PBXBuildFile; fileRef = 6BB73D5F1EB709A00085A44F /* FileTicketCell.swift */; };
		6BB73D621EB70DB50085A44F /* FileVC.swift in Sources */ = {isa = PBXBuildFile; fileRef = 6BB73D611EB70DB50085A44F /* FileVC.swift */; };
		6BB73D641EB7130A0085A44F /* RequestVC.swift in Sources */ = {isa = PBXBuildFile; fileRef = 6BB73D631EB7130A0085A44F /* RequestVC.swift */; };
		6BB73D661EB714CD0085A44F /* InformationReviewVC.swift in Sources */ = {isa = PBXBuildFile; fileRef = 6BB73D651EB714CD0085A44F /* InformationReviewVC.swift */; };
		6BB8595B1EA8CF0400D638A5 /* AppDelegate.swift in Sources */ = {isa = PBXBuildFile; fileRef = 6BB8595A1EA8CF0400D638A5 /* AppDelegate.swift */; };
		6BB859601EA8CF0400D638A5 /* Main.storyboard in Resources */ = {isa = PBXBuildFile; fileRef = 6BB8595E1EA8CF0400D638A5 /* Main.storyboard */; };
		6BB859621EA8CF0500D638A5 /* Assets.xcassets in Resources */ = {isa = PBXBuildFile; fileRef = 6BB859611EA8CF0500D638A5 /* Assets.xcassets */; };
		6BB859651EA8CF0500D638A5 /* LaunchScreen.storyboard in Resources */ = {isa = PBXBuildFile; fileRef = 6BB859631EA8CF0500D638A5 /* LaunchScreen.storyboard */; };
		6BD760571EA9A0A20016823B /* HomeVC.swift in Sources */ = {isa = PBXBuildFile; fileRef = 6BD760561EA9A0A20016823B /* HomeVC.swift */; };
		6BD760591EA9A8B70016823B /* MenuVC.swift in Sources */ = {isa = PBXBuildFile; fileRef = 6BD760581EA9A8B70016823B /* MenuVC.swift */; };
		6BD7605C1EA9B3930016823B /* MenuCell.swift in Sources */ = {isa = PBXBuildFile; fileRef = 6BD7605B1EA9B3930016823B /* MenuCell.swift */; };
		6BD7606A1EA9E9FB0016823B /* NotificationsVC.swift in Sources */ = {isa = PBXBuildFile; fileRef = 6BD760691EA9E9FB0016823B /* NotificationsVC.swift */; };
		6BD7606C1EA9EA080016823B /* HelpVC.swift in Sources */ = {isa = PBXBuildFile; fileRef = 6BD7606B1EA9EA080016823B /* HelpVC.swift */; };
		6BD7606E1EA9EA150016823B /* MyCasesVC.swift in Sources */ = {isa = PBXBuildFile; fileRef = 6BD7606D1EA9EA150016823B /* MyCasesVC.swift */; };
		6BD760701EA9EA230016823B /* PaymentVC.swift in Sources */ = {isa = PBXBuildFile; fileRef = 6BD7606F1EA9EA230016823B /* PaymentVC.swift */; };
		6BD760721EA9EA2F0016823B /* SettingVC.swift in Sources */ = {isa = PBXBuildFile; fileRef = 6BD760711EA9EA2F0016823B /* SettingVC.swift */; };
		6BD760741EA9EA3D0016823B /* ShareVC.swift in Sources */ = {isa = PBXBuildFile; fileRef = 6BD760731EA9EA3D0016823B /* ShareVC.swift */; };
		6BD760771EA9F28E0016823B /* NotificationsCell.swift in Sources */ = {isa = PBXBuildFile; fileRef = 6BD760761EA9F28E0016823B /* NotificationsCell.swift */; };
		6BE66CFB1EB6D94B007A5B88 /* SpinnerButton.swift in Sources */ = {isa = PBXBuildFile; fileRef = 6BE66CFA1EB6D94B007A5B88 /* SpinnerButton.swift */; };
		6BE66CFD1EB6E01B007A5B88 /* InfractionDateVC.swift in Sources */ = {isa = PBXBuildFile; fileRef = 6BE66CFC1EB6E01B007A5B88 /* InfractionDateVC.swift */; };
		6BE66CFF1EB6E432007A5B88 /* ShareCaseVC.swift in Sources */ = {isa = PBXBuildFile; fileRef = 6BE66CFE1EB6E432007A5B88 /* ShareCaseVC.swift */; };
		6BE66D021EB6EC0E007A5B88 /* ShareCaseCell.swift in Sources */ = {isa = PBXBuildFile; fileRef = 6BE66D011EB6EC0E007A5B88 /* ShareCaseCell.swift */; };
		6BE66D041EB6F632007A5B88 /* TicketVC.swift in Sources */ = {isa = PBXBuildFile; fileRef = 6BE66D031EB6F632007A5B88 /* TicketVC.swift */; };
		6BFF2D181EC874F400BA3693 /* ChangePasswordVC.swift in Sources */ = {isa = PBXBuildFile; fileRef = 6BFF2D171EC874F400BA3693 /* ChangePasswordVC.swift */; };
		6BFF2D1A1EC8833800BA3693 /* PushNotificationCell.swift in Sources */ = {isa = PBXBuildFile; fileRef = 6BFF2D191EC8833800BA3693 /* PushNotificationCell.swift */; };
		6F89872C42EF773F0B1E27C3 /* Pods_Traber.framework in Frameworks */ = {isa = PBXBuildFile; fileRef = CA99E85B261D26CD945A8E9C /* Pods_Traber.framework */; };
/* End PBXBuildFile section */

/* Begin PBXFileReference section */
		0F3528E61F4C08C90088E524 /* AutoGenStrings.py */ = {isa = PBXFileReference; fileEncoding = 4; lastKnownFileType = text.script.python; path = AutoGenStrings.py; sourceTree = "<group>"; };
		0F3528EA1F4C09D30088E524 /* en */ = {isa = PBXFileReference; lastKnownFileType = text.plist.strings; name = en; path = en.lproj/Main.strings; sourceTree = "<group>"; };
		0F3528EB1F4C0A210088E524 /* zh-Hans */ = {isa = PBXFileReference; lastKnownFileType = text.plist.strings; name = "zh-Hans"; path = "zh-Hans.lproj/Main.strings"; sourceTree = "<group>"; };
		0F3528F11F4C0AD10088E524 /* en */ = {isa = PBXFileReference; lastKnownFileType = text.plist.strings; name = en; path = en.lproj/Localizable.strings; sourceTree = "<group>"; };
		0F3528F21F4C0AD30088E524 /* zh-Hans */ = {isa = PBXFileReference; lastKnownFileType = text.plist.strings; name = "zh-Hans"; path = "zh-Hans.lproj/Localizable.strings"; sourceTree = "<group>"; };
		0F3528F61F4C0C4E0088E524 /* Base */ = {isa = PBXFileReference; lastKnownFileType = file.storyboard; name = Base; path = Base.lproj/Login.storyboard; sourceTree = "<group>"; };
		0F3528F81F4C0C500088E524 /* en */ = {isa = PBXFileReference; lastKnownFileType = text.plist.strings; name = en; path = en.lproj/Login.strings; sourceTree = "<group>"; };
		0F3528F91F4C0C590088E524 /* zh-Hans */ = {isa = PBXFileReference; lastKnownFileType = text.plist.strings; name = "zh-Hans"; path = "zh-Hans.lproj/Login.strings"; sourceTree = "<group>"; };
		0F3E0A4F1F67AC2C00CCA432 /* ExpirationDateController.swift */ = {isa = PBXFileReference; fileEncoding = 4; lastKnownFileType = sourcecode.swift; path = ExpirationDateController.swift; sourceTree = "<group>"; };
		0F58A1641EE6A77100ADADE3 /* AntModel.swift */ = {isa = PBXFileReference; fileEncoding = 4; lastKnownFileType = sourcecode.swift; path = AntModel.swift; sourceTree = "<group>"; };
		0F6A8F151F725D4B002274B8 /* PaymentWebVC.swift */ = {isa = PBXFileReference; lastKnownFileType = sourcecode.swift; path = PaymentWebVC.swift; sourceTree = "<group>"; };
		0F8C47231F59030D00DB1965 /* OnlineChatListVC.swift */ = {isa = PBXFileReference; fileEncoding = 4; lastKnownFileType = sourcecode.swift; path = OnlineChatListVC.swift; sourceTree = "<group>"; };
		0F8C47261F59096600DB1965 /* OnlineUserCell.swift */ = {isa = PBXFileReference; fileEncoding = 4; lastKnownFileType = sourcecode.swift; path = OnlineUserCell.swift; sourceTree = "<group>"; };
		0F8C47281F59098900DB1965 /* OnlineStaffCell.swift */ = {isa = PBXFileReference; fileEncoding = 4; lastKnownFileType = sourcecode.swift; path = OnlineStaffCell.swift; sourceTree = "<group>"; };
		0FA5234C1F57A924000E3B2E /* TicketPaymentVC.swift */ = {isa = PBXFileReference; fileEncoding = 4; lastKnownFileType = sourcecode.swift; path = TicketPaymentVC.swift; sourceTree = "<group>"; };
		0FABDB881F69166900D8C2AD /* TermsConditionsController.swift */ = {isa = PBXFileReference; fileEncoding = 4; lastKnownFileType = sourcecode.swift; path = TermsConditionsController.swift; sourceTree = "<group>"; };
		0FD1653E1F5FCB510025FC12 /* Traber.entitlements */ = {isa = PBXFileReference; lastKnownFileType = text.plist.entitlements; path = Traber.entitlements; sourceTree = "<group>"; };
		0FE085BB1F58053C000D8CC9 /* CasesDetailVC.swift */ = {isa = PBXFileReference; fileEncoding = 4; lastKnownFileType = sourcecode.swift; path = CasesDetailVC.swift; sourceTree = "<group>"; };
		0FE085C11F5808EE000D8CC9 /* CasesDetailImageCell.swift */ = {isa = PBXFileReference; fileEncoding = 4; lastKnownFileType = sourcecode.swift; path = CasesDetailImageCell.swift; sourceTree = "<group>"; };
		0FF34E9B1F4AC37700931414 /* ShareWebVC.swift */ = {isa = PBXFileReference; fileEncoding = 4; lastKnownFileType = sourcecode.swift; path = ShareWebVC.swift; sourceTree = "<group>"; };
		0FF8D07B1F4AE7C600C6FA73 /* OnlineChatVC.swift */ = {isa = PBXFileReference; fileEncoding = 4; lastKnownFileType = sourcecode.swift; path = OnlineChatVC.swift; sourceTree = "<group>"; };
		223C504E7D051457AF1422E2 /* Pods-Traber.release.xcconfig */ = {isa = PBXFileReference; includeInIndex = 1; lastKnownFileType = text.xcconfig; name = "Pods-Traber.release.xcconfig"; path = "Pods/Target Support Files/Pods-Traber/Pods-Traber.release.xcconfig"; sourceTree = "<group>"; };
		6B19540D1EB5F3B400C920EC /* ProfileVC.swift */ = {isa = PBXFileReference; fileEncoding = 4; lastKnownFileType = sourcecode.swift; path = ProfileVC.swift; sourceTree = "<group>"; };
		6B1954101EB5F6E000C920EC /* ProfileCell.swift */ = {isa = PBXFileReference; fileEncoding = 4; lastKnownFileType = sourcecode.swift; path = ProfileCell.swift; sourceTree = "<group>"; };
		6B1954121EB5FBA600C920EC /* EditProfileVC.swift */ = {isa = PBXFileReference; fileEncoding = 4; lastKnownFileType = sourcecode.swift; path = EditProfileVC.swift; sourceTree = "<group>"; };
		6B1954141EB6085B00C920EC /* EditProfileCell.swift */ = {isa = PBXFileReference; fileEncoding = 4; lastKnownFileType = sourcecode.swift; path = EditProfileCell.swift; sourceTree = "<group>"; };
		6B1954151EB6085B00C920EC /* EditProfileCell.xib */ = {isa = PBXFileReference; fileEncoding = 4; lastKnownFileType = file.xib; path = EditProfileCell.xib; sourceTree = "<group>"; };
		6B1954181EB6146000C920EC /* DiverLicenseVC.swift */ = {isa = PBXFileReference; fileEncoding = 4; lastKnownFileType = sourcecode.swift; path = DiverLicenseVC.swift; sourceTree = "<group>"; };
		6B339CA51EB4B9BC00DB6BF4 /* LanguageVC.swift */ = {isa = PBXFileReference; fileEncoding = 4; lastKnownFileType = sourcecode.swift; path = LanguageVC.swift; sourceTree = "<group>"; };
		6B339CA71EB4BB0500DB6BF4 /* LanguageManager.swift */ = {isa = PBXFileReference; fileEncoding = 4; lastKnownFileType = sourcecode.swift; path = LanguageManager.swift; sourceTree = "<group>"; };
		6B339CA91EB4C62100DB6BF4 /* NSBundle+Language.h */ = {isa = PBXFileReference; fileEncoding = 4; lastKnownFileType = sourcecode.c.h; path = "NSBundle+Language.h"; sourceTree = "<group>"; };
		6B339CAA1EB4C62100DB6BF4 /* NSBundle+Language.m */ = {isa = PBXFileReference; fileEncoding = 4; lastKnownFileType = sourcecode.c.objc; path = "NSBundle+Language.m"; sourceTree = "<group>"; };
		6B339CB11EB4CBBA00DB6BF4 /* LoginVC.swift */ = {isa = PBXFileReference; fileEncoding = 4; lastKnownFileType = sourcecode.swift; path = LoginVC.swift; sourceTree = "<group>"; };
		6B4FFBFD1EA8E42A00DB1872 /* AntController.swift */ = {isa = PBXFileReference; fileEncoding = 4; lastKnownFileType = sourcecode.swift; path = AntController.swift; sourceTree = "<group>"; };
		6B4FFBFE1EA8E42A00DB1872 /* AntDefault.swift */ = {isa = PBXFileReference; fileEncoding = 4; lastKnownFileType = sourcecode.swift; path = AntDefault.swift; sourceTree = "<group>"; };
		6B4FFBFF1EA8E42A00DB1872 /* AntNavController.swift */ = {isa = PBXFileReference; fileEncoding = 4; lastKnownFileType = sourcecode.swift; path = AntNavController.swift; sourceTree = "<group>"; };
		6B4FFC001EA8E42A00DB1872 /* AntSingleton.swift */ = {isa = PBXFileReference; fileEncoding = 4; lastKnownFileType = sourcecode.swift; path = AntSingleton.swift; sourceTree = "<group>"; };
		6B4FFC021EA8E42A00DB1872 /* Common.swift */ = {isa = PBXFileReference; fileEncoding = 4; lastKnownFileType = sourcecode.swift; path = Common.swift; sourceTree = "<group>"; };
		6B4FFC0C1EA8E81A00DB1872 /* Traber-Bridging-Header.h */ = {isa = PBXFileReference; fileEncoding = 4; lastKnownFileType = sourcecode.c.h; path = "Traber-Bridging-Header.h"; sourceTree = "<group>"; };
		6B82C6051EAA057C00B05FC4 /* MyCasesCell.swift */ = {isa = PBXFileReference; fileEncoding = 4; lastKnownFileType = sourcecode.swift; path = MyCasesCell.swift; sourceTree = "<group>"; };
		6B82C6071EAA0C7200B05FC4 /* MyCasesDetailVC.swift */ = {isa = PBXFileReference; fileEncoding = 4; lastKnownFileType = sourcecode.swift; path = MyCasesDetailVC.swift; sourceTree = "<group>"; };
		6B8CABE31EB5A922008B4967 /* LoginTextField.swift */ = {isa = PBXFileReference; fileEncoding = 4; lastKnownFileType = sourcecode.swift; path = LoginTextField.swift; sourceTree = "<group>"; };
		6B8CABE51EB5B63E008B4967 /* RegisterVC.swift */ = {isa = PBXFileReference; fileEncoding = 4; lastKnownFileType = sourcecode.swift; path = RegisterVC.swift; sourceTree = "<group>"; };
		6B8CABE71EB5BC56008B4967 /* ForgotPasswordVC.swift */ = {isa = PBXFileReference; fileEncoding = 4; lastKnownFileType = sourcecode.swift; path = ForgotPasswordVC.swift; sourceTree = "<group>"; };
		6B8CABE91EB5C0C0008B4967 /* SetPasswordVC.swift */ = {isa = PBXFileReference; fileEncoding = 4; lastKnownFileType = sourcecode.swift; path = SetPasswordVC.swift; sourceTree = "<group>"; };
		6B9DA2CC1EB460D200C00FC7 /* LookPictureVC.swift */ = {isa = PBXFileReference; fileEncoding = 4; lastKnownFileType = sourcecode.swift; path = LookPictureVC.swift; sourceTree = "<group>"; };
		6B9DA2CE1EB4636200C00FC7 /* LookPictureCell.swift */ = {isa = PBXFileReference; fileEncoding = 4; lastKnownFileType = sourcecode.swift; path = LookPictureCell.swift; sourceTree = "<group>"; };
		6BB6A5B31EAB8BC0000D9AAE /* MyCasesDetailCell.swift */ = {isa = PBXFileReference; fileEncoding = 4; lastKnownFileType = sourcecode.swift; path = MyCasesDetailCell.swift; sourceTree = "<group>"; };
		6BB6A5B51EAB8BCF000D9AAE /* MyCasesDetailImageCell.swift */ = {isa = PBXFileReference; fileEncoding = 4; lastKnownFileType = sourcecode.swift; path = MyCasesDetailImageCell.swift; sourceTree = "<group>"; };
		6BB73D5D1EB706CF0085A44F /* FileTicketVC.swift */ = {isa = PBXFileReference; fileEncoding = 4; lastKnownFileType = sourcecode.swift; path = FileTicketVC.swift; sourceTree = "<group>"; };
		6BB73D5F1EB709A00085A44F /* FileTicketCell.swift */ = {isa = PBXFileReference; fileEncoding = 4; lastKnownFileType = sourcecode.swift; path = FileTicketCell.swift; sourceTree = "<group>"; };
		6BB73D611EB70DB50085A44F /* FileVC.swift */ = {isa = PBXFileReference; fileEncoding = 4; lastKnownFileType = sourcecode.swift; path = FileVC.swift; sourceTree = "<group>"; };
		6BB73D631EB7130A0085A44F /* RequestVC.swift */ = {isa = PBXFileReference; fileEncoding = 4; lastKnownFileType = sourcecode.swift; path = RequestVC.swift; sourceTree = "<group>"; };
		6BB73D651EB714CD0085A44F /* InformationReviewVC.swift */ = {isa = PBXFileReference; fileEncoding = 4; lastKnownFileType = sourcecode.swift; path = InformationReviewVC.swift; sourceTree = "<group>"; };
		6BB859571EA8CF0400D638A5 /* Traber.app */ = {isa = PBXFileReference; explicitFileType = wrapper.application; includeInIndex = 0; path = Traber.app; sourceTree = BUILT_PRODUCTS_DIR; };
		6BB8595A1EA8CF0400D638A5 /* AppDelegate.swift */ = {isa = PBXFileReference; lastKnownFileType = sourcecode.swift; path = AppDelegate.swift; sourceTree = "<group>"; };
		6BB8595F1EA8CF0400D638A5 /* Base */ = {isa = PBXFileReference; lastKnownFileType = file.storyboard; name = Base; path = Base.lproj/Main.storyboard; sourceTree = "<group>"; };
		6BB859611EA8CF0500D638A5 /* Assets.xcassets */ = {isa = PBXFileReference; lastKnownFileType = folder.assetcatalog; path = Assets.xcassets; sourceTree = "<group>"; };
		6BB859641EA8CF0500D638A5 /* Base */ = {isa = PBXFileReference; lastKnownFileType = file.storyboard; name = Base; path = Base.lproj/LaunchScreen.storyboard; sourceTree = "<group>"; };
		6BB859661EA8CF0500D638A5 /* Info.plist */ = {isa = PBXFileReference; lastKnownFileType = text.plist.xml; path = Info.plist; sourceTree = "<group>"; };
		6BD760561EA9A0A20016823B /* HomeVC.swift */ = {isa = PBXFileReference; fileEncoding = 4; lastKnownFileType = sourcecode.swift; path = HomeVC.swift; sourceTree = "<group>"; };
		6BD760581EA9A8B70016823B /* MenuVC.swift */ = {isa = PBXFileReference; fileEncoding = 4; lastKnownFileType = sourcecode.swift; path = MenuVC.swift; sourceTree = "<group>"; };
		6BD7605B1EA9B3930016823B /* MenuCell.swift */ = {isa = PBXFileReference; fileEncoding = 4; lastKnownFileType = sourcecode.swift; path = MenuCell.swift; sourceTree = "<group>"; };
		6BD760691EA9E9FB0016823B /* NotificationsVC.swift */ = {isa = PBXFileReference; fileEncoding = 4; lastKnownFileType = sourcecode.swift; path = NotificationsVC.swift; sourceTree = "<group>"; };
		6BD7606B1EA9EA080016823B /* HelpVC.swift */ = {isa = PBXFileReference; fileEncoding = 4; lastKnownFileType = sourcecode.swift; path = HelpVC.swift; sourceTree = "<group>"; };
		6BD7606D1EA9EA150016823B /* MyCasesVC.swift */ = {isa = PBXFileReference; fileEncoding = 4; lastKnownFileType = sourcecode.swift; path = MyCasesVC.swift; sourceTree = "<group>"; };
		6BD7606F1EA9EA230016823B /* PaymentVC.swift */ = {isa = PBXFileReference; fileEncoding = 4; lastKnownFileType = sourcecode.swift; path = PaymentVC.swift; sourceTree = "<group>"; };
		6BD760711EA9EA2F0016823B /* SettingVC.swift */ = {isa = PBXFileReference; fileEncoding = 4; lastKnownFileType = sourcecode.swift; path = SettingVC.swift; sourceTree = "<group>"; };
		6BD760731EA9EA3D0016823B /* ShareVC.swift */ = {isa = PBXFileReference; fileEncoding = 4; lastKnownFileType = sourcecode.swift; path = ShareVC.swift; sourceTree = "<group>"; };
		6BD760761EA9F28E0016823B /* NotificationsCell.swift */ = {isa = PBXFileReference; fileEncoding = 4; lastKnownFileType = sourcecode.swift; path = NotificationsCell.swift; sourceTree = "<group>"; };
		6BE66CFA1EB6D94B007A5B88 /* SpinnerButton.swift */ = {isa = PBXFileReference; fileEncoding = 4; lastKnownFileType = sourcecode.swift; path = SpinnerButton.swift; sourceTree = "<group>"; };
		6BE66CFC1EB6E01B007A5B88 /* InfractionDateVC.swift */ = {isa = PBXFileReference; fileEncoding = 4; lastKnownFileType = sourcecode.swift; path = InfractionDateVC.swift; sourceTree = "<group>"; };
		6BE66CFE1EB6E432007A5B88 /* ShareCaseVC.swift */ = {isa = PBXFileReference; fileEncoding = 4; lastKnownFileType = sourcecode.swift; path = ShareCaseVC.swift; sourceTree = "<group>"; };
		6BE66D011EB6EC0E007A5B88 /* ShareCaseCell.swift */ = {isa = PBXFileReference; fileEncoding = 4; lastKnownFileType = sourcecode.swift; path = ShareCaseCell.swift; sourceTree = "<group>"; };
		6BE66D031EB6F632007A5B88 /* TicketVC.swift */ = {isa = PBXFileReference; fileEncoding = 4; lastKnownFileType = sourcecode.swift; path = TicketVC.swift; sourceTree = "<group>"; };
		6BFF2D171EC874F400BA3693 /* ChangePasswordVC.swift */ = {isa = PBXFileReference; fileEncoding = 4; lastKnownFileType = sourcecode.swift; path = ChangePasswordVC.swift; sourceTree = "<group>"; };
		6BFF2D191EC8833800BA3693 /* PushNotificationCell.swift */ = {isa = PBXFileReference; fileEncoding = 4; lastKnownFileType = sourcecode.swift; path = PushNotificationCell.swift; sourceTree = "<group>"; };
		AF990E95B83428E0541E05ED /* Pods-Traber.debug.xcconfig */ = {isa = PBXFileReference; includeInIndex = 1; lastKnownFileType = text.xcconfig; name = "Pods-Traber.debug.xcconfig"; path = "Pods/Target Support Files/Pods-Traber/Pods-Traber.debug.xcconfig"; sourceTree = "<group>"; };
		CA99E85B261D26CD945A8E9C /* Pods_Traber.framework */ = {isa = PBXFileReference; explicitFileType = wrapper.framework; includeInIndex = 0; path = Pods_Traber.framework; sourceTree = BUILT_PRODUCTS_DIR; };
/* End PBXFileReference section */

/* Begin PBXFrameworksBuildPhase section */
		6BB859541EA8CF0400D638A5 /* Frameworks */ = {
			isa = PBXFrameworksBuildPhase;
			buildActionMask = 2147483647;
			files = (
				6F89872C42EF773F0B1E27C3 /* Pods_Traber.framework in Frameworks */,
			);
			runOnlyForDeploymentPostprocessing = 0;
		};
/* End PBXFrameworksBuildPhase section */

/* Begin PBXGroup section */
		0F3528E51F4C08C90088E524 /* RunScript */ = {
			isa = PBXGroup;
			children = (
				0F3528E61F4C08C90088E524 /* AutoGenStrings.py */,
			);
			path = RunScript;
			sourceTree = "<group>";
		};
		0F8C47251F59094C00DB1965 /* View */ = {
			isa = PBXGroup;
			children = (
				0F8C47261F59096600DB1965 /* OnlineUserCell.swift */,
				0F8C47281F59098900DB1965 /* OnlineStaffCell.swift */,
			);
			path = View;
			sourceTree = "<group>";
		};
		41772E971B941AAAD898434E /* Frameworks */ = {
			isa = PBXGroup;
			children = (
				CA99E85B261D26CD945A8E9C /* Pods_Traber.framework */,
			);
			name = Frameworks;
			sourceTree = "<group>";
		};
		54DD36CD994E6156E1D89106 /* Pods */ = {
			isa = PBXGroup;
			children = (
				AF990E95B83428E0541E05ED /* Pods-Traber.debug.xcconfig */,
				223C504E7D051457AF1422E2 /* Pods-Traber.release.xcconfig */,
			);
			name = Pods;
			sourceTree = "<group>";
		};
		6B19540F1EB5F6D100C920EC /* View */ = {
			isa = PBXGroup;
			children = (
				6B1954101EB5F6E000C920EC /* ProfileCell.swift */,
				6B1954141EB6085B00C920EC /* EditProfileCell.swift */,
				6B1954151EB6085B00C920EC /* EditProfileCell.xib */,
				6BFF2D191EC8833800BA3693 /* PushNotificationCell.swift */,
			);
			path = View;
			sourceTree = "<group>";
		};
		6B339CAC1EB4CB4B00DB6BF4 /* Login */ = {
			isa = PBXGroup;
			children = (
				6B339CAD1EB4CB4B00DB6BF4 /* Controller */,
				0F3528F51F4C0C4B0088E524 /* Login.storyboard */,
				6B8CABE31EB5A922008B4967 /* LoginTextField.swift */,
			);
			path = Login;
			sourceTree = "<group>";
		};
		6B339CAD1EB4CB4B00DB6BF4 /* Controller */ = {
			isa = PBXGroup;
			children = (
				6B339CB11EB4CBBA00DB6BF4 /* LoginVC.swift */,
				6B8CABE51EB5B63E008B4967 /* RegisterVC.swift */,
				6B8CABE71EB5BC56008B4967 /* ForgotPasswordVC.swift */,
				6B8CABE91EB5C0C0008B4967 /* SetPasswordVC.swift */,
			);
			path = Controller;
			sourceTree = "<group>";
		};
		6B4FFBFB1EA8E42A00DB1872 /* Classes */ = {
			isa = PBXGroup;
			children = (
				0F3528E51F4C08C90088E524 /* RunScript */,
				6B339CAC1EB4CB4B00DB6BF4 /* Login */,
				6BD7605D1EA9E9D20016823B /* Help */,
				6BD7605F1EA9E9D20016823B /* MyCases */,
				6BD760611EA9E9D20016823B /* Notifications */,
				6BD760631EA9E9D20016823B /* Payment */,
				6BD760651EA9E9D20016823B /* Setting */,
				6BD760671EA9E9D20016823B /* Share */,
				6BD760541EA9A0900016823B /* Home */,
				6B4FFBFC1EA8E42A00DB1872 /* Ant */,
				6B4FFC011EA8E42A00DB1872 /* Common */,
			);
			path = Classes;
			sourceTree = "<group>";
		};
		6B4FFBFC1EA8E42A00DB1872 /* Ant */ = {
			isa = PBXGroup;
			children = (
				6B4FFBFD1EA8E42A00DB1872 /* AntController.swift */,
				6B4FFBFE1EA8E42A00DB1872 /* AntDefault.swift */,
				6B4FFBFF1EA8E42A00DB1872 /* AntNavController.swift */,
				6B4FFC001EA8E42A00DB1872 /* AntSingleton.swift */,
				0F58A1641EE6A77100ADADE3 /* AntModel.swift */,
			);
			path = Ant;
			sourceTree = "<group>";
		};
		6B4FFC011EA8E42A00DB1872 /* Common */ = {
			isa = PBXGroup;
			children = (
				6BE66CFA1EB6D94B007A5B88 /* SpinnerButton.swift */,
				6B339CA91EB4C62100DB6BF4 /* NSBundle+Language.h */,
				6B339CAA1EB4C62100DB6BF4 /* NSBundle+Language.m */,
				6B4FFC021EA8E42A00DB1872 /* Common.swift */,
				6B9DA2CC1EB460D200C00FC7 /* LookPictureVC.swift */,
				6B9DA2CE1EB4636200C00FC7 /* LookPictureCell.swift */,
				6B339CA71EB4BB0500DB6BF4 /* LanguageManager.swift */,
			);
			path = Common;
			sourceTree = "<group>";
		};
		6B82C6041EAA056100B05FC4 /* View */ = {
			isa = PBXGroup;
			children = (
				6B82C6051EAA057C00B05FC4 /* MyCasesCell.swift */,
				6BB6A5B31EAB8BC0000D9AAE /* MyCasesDetailCell.swift */,
				6BB6A5B51EAB8BCF000D9AAE /* MyCasesDetailImageCell.swift */,
				0FE085C11F5808EE000D8CC9 /* CasesDetailImageCell.swift */,
			);
			path = View;
			sourceTree = "<group>";
		};
		6BB8594E1EA8CF0400D638A5 = {
			isa = PBXGroup;
			children = (
				6B4FFBFB1EA8E42A00DB1872 /* Classes */,
				6BB859591EA8CF0400D638A5 /* Traber */,
				6BB859581EA8CF0400D638A5 /* Products */,
				54DD36CD994E6156E1D89106 /* Pods */,
				41772E971B941AAAD898434E /* Frameworks */,
			);
			sourceTree = "<group>";
		};
		6BB859581EA8CF0400D638A5 /* Products */ = {
			isa = PBXGroup;
			children = (
				6BB859571EA8CF0400D638A5 /* Traber.app */,
			);
			name = Products;
			sourceTree = "<group>";
		};
		6BB859591EA8CF0400D638A5 /* Traber */ = {
			isa = PBXGroup;
			children = (
				0FD1653E1F5FCB510025FC12 /* Traber.entitlements */,
				6B4FFC0C1EA8E81A00DB1872 /* Traber-Bridging-Header.h */,
				6BB8595A1EA8CF0400D638A5 /* AppDelegate.swift */,
				6BB8595E1EA8CF0400D638A5 /* Main.storyboard */,
				6BB859611EA8CF0500D638A5 /* Assets.xcassets */,
				6BB859631EA8CF0500D638A5 /* LaunchScreen.storyboard */,
				6BB859661EA8CF0500D638A5 /* Info.plist */,
				0F3528F01F4C0AD00088E524 /* Localizable.strings */,
			);
			path = Traber;
			sourceTree = "<group>";
		};
		6BD760541EA9A0900016823B /* Home */ = {
			isa = PBXGroup;
			children = (
				6BD7605A1EA9B3800016823B /* View */,
				6BD760551EA9A0900016823B /* Controller */,
			);
			path = Home;
			sourceTree = "<group>";
		};
		6BD760551EA9A0900016823B /* Controller */ = {
			isa = PBXGroup;
			children = (
				6BD760561EA9A0A20016823B /* HomeVC.swift */,
				6BD760581EA9A8B70016823B /* MenuVC.swift */,
				6BE66CFC1EB6E01B007A5B88 /* InfractionDateVC.swift */,
				6BE66D031EB6F632007A5B88 /* TicketVC.swift */,
				6BB73D5D1EB706CF0085A44F /* FileTicketVC.swift */,
				6BB73D611EB70DB50085A44F /* FileVC.swift */,
				6BB73D631EB7130A0085A44F /* RequestVC.swift */,
				6BB73D651EB714CD0085A44F /* InformationReviewVC.swift */,
				0FA5234C1F57A924000E3B2E /* TicketPaymentVC.swift */,
			);
			path = Controller;
			sourceTree = "<group>";
		};
		6BD7605A1EA9B3800016823B /* View */ = {
			isa = PBXGroup;
			children = (
				6BD7605B1EA9B3930016823B /* MenuCell.swift */,
				6BB73D5F1EB709A00085A44F /* FileTicketCell.swift */,
			);
			path = View;
			sourceTree = "<group>";
		};
		6BD7605D1EA9E9D20016823B /* Help */ = {
			isa = PBXGroup;
			children = (
				0F8C47251F59094C00DB1965 /* View */,
				6BD7605E1EA9E9D20016823B /* Controller */,
			);
			path = Help;
			sourceTree = "<group>";
		};
		6BD7605E1EA9E9D20016823B /* Controller */ = {
			isa = PBXGroup;
			children = (
				6BD7606B1EA9EA080016823B /* HelpVC.swift */,
				0FF8D07B1F4AE7C600C6FA73 /* OnlineChatVC.swift */,
				0F8C47231F59030D00DB1965 /* OnlineChatListVC.swift */,
			);
			path = Controller;
			sourceTree = "<group>";
		};
		6BD7605F1EA9E9D20016823B /* MyCases */ = {
			isa = PBXGroup;
			children = (
				6B82C6041EAA056100B05FC4 /* View */,
				6BD760601EA9E9D20016823B /* Controller */,
			);
			path = MyCases;
			sourceTree = "<group>";
		};
		6BD760601EA9E9D20016823B /* Controller */ = {
			isa = PBXGroup;
			children = (
				6BD7606D1EA9EA150016823B /* MyCasesVC.swift */,
				6B82C6071EAA0C7200B05FC4 /* MyCasesDetailVC.swift */,
				0FE085BB1F58053C000D8CC9 /* CasesDetailVC.swift */,
			);
			path = Controller;
			sourceTree = "<group>";
		};
		6BD760611EA9E9D20016823B /* Notifications */ = {
			isa = PBXGroup;
			children = (
				6BD760751EA9F2760016823B /* View */,
				6BD760621EA9E9D20016823B /* Controller */,
			);
			path = Notifications;
			sourceTree = "<group>";
		};
		6BD760621EA9E9D20016823B /* Controller */ = {
			isa = PBXGroup;
			children = (
				6BD760691EA9E9FB0016823B /* NotificationsVC.swift */,
			);
			path = Controller;
			sourceTree = "<group>";
		};
		6BD760631EA9E9D20016823B /* Payment */ = {
			isa = PBXGroup;
			children = (
				6BD760641EA9E9D20016823B /* Controller */,
			);
			path = Payment;
			sourceTree = "<group>";
		};
		6BD760641EA9E9D20016823B /* Controller */ = {
			isa = PBXGroup;
			children = (
				6BD7606F1EA9EA230016823B /* PaymentVC.swift */,
				0F3E0A4F1F67AC2C00CCA432 /* ExpirationDateController.swift */,
				0F6A8F151F725D4B002274B8 /* PaymentWebVC.swift */,
			);
			path = Controller;
			sourceTree = "<group>";
		};
		6BD760651EA9E9D20016823B /* Setting */ = {
			isa = PBXGroup;
			children = (
				6B19540F1EB5F6D100C920EC /* View */,
				6BD760661EA9E9D20016823B /* Controller */,
			);
			path = Setting;
			sourceTree = "<group>";
		};
		6BD760661EA9E9D20016823B /* Controller */ = {
			isa = PBXGroup;
			children = (
				6BD760711EA9EA2F0016823B /* SettingVC.swift */,
				6B339CA51EB4B9BC00DB6BF4 /* LanguageVC.swift */,
				6B19540D1EB5F3B400C920EC /* ProfileVC.swift */,
				6B1954121EB5FBA600C920EC /* EditProfileVC.swift */,
				6B1954181EB6146000C920EC /* DiverLicenseVC.swift */,
				6BFF2D171EC874F400BA3693 /* ChangePasswordVC.swift */,
				0FABDB881F69166900D8C2AD /* TermsConditionsController.swift */,
			);
			path = Controller;
			sourceTree = "<group>";
		};
		6BD760671EA9E9D20016823B /* Share */ = {
			isa = PBXGroup;
			children = (
				6BE66D001EB6EC02007A5B88 /* View */,
				6BD760681EA9E9D20016823B /* Controller */,
			);
			path = Share;
			sourceTree = "<group>";
		};
		6BD760681EA9E9D20016823B /* Controller */ = {
			isa = PBXGroup;
			children = (
				6BD760731EA9EA3D0016823B /* ShareVC.swift */,
				6BE66CFE1EB6E432007A5B88 /* ShareCaseVC.swift */,
				0FF34E9B1F4AC37700931414 /* ShareWebVC.swift */,
			);
			path = Controller;
			sourceTree = "<group>";
		};
		6BD760751EA9F2760016823B /* View */ = {
			isa = PBXGroup;
			children = (
				6BD760761EA9F28E0016823B /* NotificationsCell.swift */,
			);
			path = View;
			sourceTree = "<group>";
		};
		6BE66D001EB6EC02007A5B88 /* View */ = {
			isa = PBXGroup;
			children = (
				6BE66D011EB6EC0E007A5B88 /* ShareCaseCell.swift */,
			);
			path = View;
			sourceTree = "<group>";
		};
/* End PBXGroup section */

/* Begin PBXNativeTarget section */
		6BB859561EA8CF0400D638A5 /* Traber */ = {
			isa = PBXNativeTarget;
			buildConfigurationList = 6BB859691EA8CF0500D638A5 /* Build configuration list for PBXNativeTarget "Traber" */;
			buildPhases = (
				04096FFE604672FAB620C98E /* [CP] Check Pods Manifest.lock */,
				6BB859531EA8CF0400D638A5 /* Sources */,
				6BB859541EA8CF0400D638A5 /* Frameworks */,
				6BB859551EA8CF0400D638A5 /* Resources */,
				B41E69C58DC3AFD8935BAA84 /* [CP] Embed Pods Frameworks */,
				B8E75E72262DF98C9CB7EF6D /* [CP] Copy Pods Resources */,
				0F3528E81F4C08F90088E524 /* ShellScript */,
			);
			buildRules = (
			);
			dependencies = (
			);
			name = Traber;
			productName = Traber;
			productReference = 6BB859571EA8CF0400D638A5 /* Traber.app */;
			productType = "com.apple.product-type.application";
		};
/* End PBXNativeTarget section */

/* Begin PBXProject section */
		6BB8594F1EA8CF0400D638A5 /* Project object */ = {
			isa = PBXProject;
			attributes = {
				LastSwiftUpdateCheck = 0830;
				LastUpgradeCheck = 0830;
				ORGANIZATIONNAME = luan;
				TargetAttributes = {
					6BB859561EA8CF0400D638A5 = {
						CreatedOnToolsVersion = 8.3;
						DevelopmentTeam = 4AK99QTKB7;
						LastSwiftMigration = 0830;
						ProvisioningStyle = Automatic;
						SystemCapabilities = {
							com.apple.Keychain = {
								enabled = 1;
							};
						};
					};
				};
			};
			buildConfigurationList = 6BB859521EA8CF0400D638A5 /* Build configuration list for PBXProject "Traber" */;
			compatibilityVersion = "Xcode 3.2";
			developmentRegion = English;
			hasScannedForEncodings = 0;
			knownRegions = (
				en,
				Base,
				"zh-Hans",
			);
			mainGroup = 6BB8594E1EA8CF0400D638A5;
			productRefGroup = 6BB859581EA8CF0400D638A5 /* Products */;
			projectDirPath = "";
			projectRoot = "";
			targets = (
				6BB859561EA8CF0400D638A5 /* Traber */,
			);
		};
/* End PBXProject section */

/* Begin PBXResourcesBuildPhase section */
		6BB859551EA8CF0400D638A5 /* Resources */ = {
			isa = PBXResourcesBuildPhase;
			buildActionMask = 2147483647;
			files = (
				0F3528F31F4C0C4B0088E524 /* Login.storyboard in Resources */,
				0FA5234B1F57A63D000E3B2E /* AutoGenStrings.py in Resources */,
				6B1954171EB6085B00C920EC /* EditProfileCell.xib in Resources */,
				6BB859651EA8CF0500D638A5 /* LaunchScreen.storyboard in Resources */,
				0F3528EE1F4C0AD00088E524 /* Localizable.strings in Resources */,
				6BB859621EA8CF0500D638A5 /* Assets.xcassets in Resources */,
				6BB859601EA8CF0400D638A5 /* Main.storyboard in Resources */,
			);
			runOnlyForDeploymentPostprocessing = 0;
		};
/* End PBXResourcesBuildPhase section */

/* Begin PBXShellScriptBuildPhase section */
		04096FFE604672FAB620C98E /* [CP] Check Pods Manifest.lock */ = {
			isa = PBXShellScriptBuildPhase;
			buildActionMask = 2147483647;
			files = (
			);
			inputPaths = (
			);
			name = "[CP] Check Pods Manifest.lock";
			outputPaths = (
			);
			runOnlyForDeploymentPostprocessing = 0;
			shellPath = /bin/sh;
			shellScript = "diff \"${PODS_PODFILE_DIR_PATH}/Podfile.lock\" \"${PODS_ROOT}/Manifest.lock\" > /dev/null\nif [ $? != 0 ] ; then\n    # print error to STDERR\n    echo \"error: The sandbox is not in sync with the Podfile.lock. Run 'pod install' or update your CocoaPods installation.\" >&2\n    exit 1\nfi\n";
			showEnvVarsInLog = 0;
		};
		0F3528E81F4C08F90088E524 /* ShellScript */ = {
			isa = PBXShellScriptBuildPhase;
			buildActionMask = 8;
			files = (
			);
			inputPaths = (
			);
			outputPaths = (
			);
			runOnlyForDeploymentPostprocessing = 1;
			shellPath = /bin/sh;
			shellScript = "python ${SRCROOT}/Classes/RunScript/AutoGenStrings.py ${SRCROOT}/${TARGET_NAME}";
		};
		B41E69C58DC3AFD8935BAA84 /* [CP] Embed Pods Frameworks */ = {
			isa = PBXShellScriptBuildPhase;
			buildActionMask = 2147483647;
			files = (
			);
			inputPaths = (
			);
			name = "[CP] Embed Pods Frameworks";
			outputPaths = (
			);
			runOnlyForDeploymentPostprocessing = 0;
			shellPath = /bin/sh;
			shellScript = "\"${SRCROOT}/Pods/Target Support Files/Pods-Traber/Pods-Traber-frameworks.sh\"\n";
			showEnvVarsInLog = 0;
		};
		B8E75E72262DF98C9CB7EF6D /* [CP] Copy Pods Resources */ = {
			isa = PBXShellScriptBuildPhase;
			buildActionMask = 2147483647;
			files = (
			);
			inputPaths = (
			);
			name = "[CP] Copy Pods Resources";
			outputPaths = (
			);
			runOnlyForDeploymentPostprocessing = 0;
			shellPath = /bin/sh;
			shellScript = "\"${SRCROOT}/Pods/Target Support Files/Pods-Traber/Pods-Traber-resources.sh\"\n";
			showEnvVarsInLog = 0;
		};
/* End PBXShellScriptBuildPhase section */

/* Begin PBXSourcesBuildPhase section */
		6BB859531EA8CF0400D638A5 /* Sources */ = {
			isa = PBXSourcesBuildPhase;
			buildActionMask = 2147483647;
			files = (
				6BD7606E1EA9EA150016823B /* MyCasesVC.swift in Sources */,
				6B82C6061EAA057C00B05FC4 /* MyCasesCell.swift in Sources */,
				6B8CABE81EB5BC56008B4967 /* ForgotPasswordVC.swift in Sources */,
				6BB73D621EB70DB50085A44F /* FileVC.swift in Sources */,
				6BB73D641EB7130A0085A44F /* RequestVC.swift in Sources */,
				6BB6A5B61EAB8BCF000D9AAE /* MyCasesDetailImageCell.swift in Sources */,
				6BD760721EA9EA2F0016823B /* SettingVC.swift in Sources */,
				6BD7606C1EA9EA080016823B /* HelpVC.swift in Sources */,
				6B4FFC031EA8E42A00DB1872 /* AntController.swift in Sources */,
				6B1954161EB6085B00C920EC /* EditProfileCell.swift in Sources */,
				6BD760701EA9EA230016823B /* PaymentVC.swift in Sources */,
				6BFF2D1A1EC8833800BA3693 /* PushNotificationCell.swift in Sources */,
				6B8CABEA1EB5C0C0008B4967 /* SetPasswordVC.swift in Sources */,
				6BE66CFF1EB6E432007A5B88 /* ShareCaseVC.swift in Sources */,
				6BD7606A1EA9E9FB0016823B /* NotificationsVC.swift in Sources */,
				6B1954131EB5FBA600C920EC /* EditProfileVC.swift in Sources */,
				6BB73D5E1EB706CF0085A44F /* FileTicketVC.swift in Sources */,
				0FABDB891F69166900D8C2AD /* TermsConditionsController.swift in Sources */,
				0FF8D07C1F4AE7C600C6FA73 /* OnlineChatVC.swift in Sources */,
				6B339CA61EB4B9BC00DB6BF4 /* LanguageVC.swift in Sources */,
				6B8CABE41EB5A922008B4967 /* LoginTextField.swift in Sources */,
				6BD760571EA9A0A20016823B /* HomeVC.swift in Sources */,
				6BD7605C1EA9B3930016823B /* MenuCell.swift in Sources */,
				6BE66CFD1EB6E01B007A5B88 /* InfractionDateVC.swift in Sources */,
				6B339CAB1EB4C62100DB6BF4 /* NSBundle+Language.m in Sources */,
				6B82C6081EAA0C7200B05FC4 /* MyCasesDetailVC.swift in Sources */,
				0FA5234D1F57A924000E3B2E /* TicketPaymentVC.swift in Sources */,
				0F3E0A501F67AC2C00CCA432 /* ExpirationDateController.swift in Sources */,
				6BB73D661EB714CD0085A44F /* InformationReviewVC.swift in Sources */,
				6BB8595B1EA8CF0400D638A5 /* AppDelegate.swift in Sources */,
				6B4FFC041EA8E42A00DB1872 /* AntDefault.swift in Sources */,
				6B4FFC051EA8E42A00DB1872 /* AntNavController.swift in Sources */,
				6B339CA81EB4BB0500DB6BF4 /* LanguageManager.swift in Sources */,
				0F58A1651EE6A77100ADADE3 /* AntModel.swift in Sources */,
				6BE66D021EB6EC0E007A5B88 /* ShareCaseCell.swift in Sources */,
				6B1954191EB6146000C920EC /* DiverLicenseVC.swift in Sources */,
				0FF34E9C1F4AC37700931414 /* ShareWebVC.swift in Sources */,
				0F8C47271F59096600DB1965 /* OnlineUserCell.swift in Sources */,
				6BD760591EA9A8B70016823B /* MenuVC.swift in Sources */,
				6BB6A5B41EAB8BC0000D9AAE /* MyCasesDetailCell.swift in Sources */,
				6BD760771EA9F28E0016823B /* NotificationsCell.swift in Sources */,
				6B9DA2CD1EB460D200C00FC7 /* LookPictureVC.swift in Sources */,
				0F8C47241F59030D00DB1965 /* OnlineChatListVC.swift in Sources */,
				0F8C47291F59098900DB1965 /* OnlineStaffCell.swift in Sources */,
				6BE66D041EB6F632007A5B88 /* TicketVC.swift in Sources */,
				6B4FFC061EA8E42A00DB1872 /* AntSingleton.swift in Sources */,
				6B19540E1EB5F3B400C920EC /* ProfileVC.swift in Sources */,
				6BFF2D181EC874F400BA3693 /* ChangePasswordVC.swift in Sources */,
				6BE66CFB1EB6D94B007A5B88 /* SpinnerButton.swift in Sources */,
				6B339CB21EB4CBBA00DB6BF4 /* LoginVC.swift in Sources */,
				0FE085BC1F58053C000D8CC9 /* CasesDetailVC.swift in Sources */,
				6B4FFC071EA8E42A00DB1872 /* Common.swift in Sources */,
				6B8CABE61EB5B63E008B4967 /* RegisterVC.swift in Sources */,
				6B1954111EB5F6E000C920EC /* ProfileCell.swift in Sources */,
				0F6A8F161F725D4B002274B8 /* PaymentWebVC.swift in Sources */,
				6BD760741EA9EA3D0016823B /* ShareVC.swift in Sources */,
				0FE085C21F5808EE000D8CC9 /* CasesDetailImageCell.swift in Sources */,
				6B9DA2CF1EB4636200C00FC7 /* LookPictureCell.swift in Sources */,
				6BB73D601EB709A00085A44F /* FileTicketCell.swift in Sources */,
			);
			runOnlyForDeploymentPostprocessing = 0;
		};
/* End PBXSourcesBuildPhase section */

/* Begin PBXVariantGroup section */
		0F3528F01F4C0AD00088E524 /* Localizable.strings */ = {
			isa = PBXVariantGroup;
			children = (
				0F3528F11F4C0AD10088E524 /* en */,
				0F3528F21F4C0AD30088E524 /* zh-Hans */,
			);
			name = Localizable.strings;
			sourceTree = "<group>";
		};
		0F3528F51F4C0C4B0088E524 /* Login.storyboard */ = {
			isa = PBXVariantGroup;
			children = (
				0F3528F61F4C0C4E0088E524 /* Base */,
				0F3528F81F4C0C500088E524 /* en */,
				0F3528F91F4C0C590088E524 /* zh-Hans */,
			);
			name = Login.storyboard;
			sourceTree = "<group>";
		};
		6BB8595E1EA8CF0400D638A5 /* Main.storyboard */ = {
			isa = PBXVariantGroup;
			children = (
				6BB8595F1EA8CF0400D638A5 /* Base */,
				0F3528EA1F4C09D30088E524 /* en */,
				0F3528EB1F4C0A210088E524 /* zh-Hans */,
			);
			name = Main.storyboard;
			sourceTree = "<group>";
		};
		6BB859631EA8CF0500D638A5 /* LaunchScreen.storyboard */ = {
			isa = PBXVariantGroup;
			children = (
				6BB859641EA8CF0500D638A5 /* Base */,
			);
			name = LaunchScreen.storyboard;
			sourceTree = "<group>";
		};
/* End PBXVariantGroup section */

/* Begin XCBuildConfiguration section */
		6BB859671EA8CF0500D638A5 /* Debug */ = {
			isa = XCBuildConfiguration;
			buildSettings = {
				ALWAYS_SEARCH_USER_PATHS = NO;
				CLANG_ANALYZER_LOCALIZABILITY_NONLOCALIZED = YES;
				CLANG_ANALYZER_NONNULL = YES;
				CLANG_ANALYZER_NUMBER_OBJECT_CONVERSION = YES_AGGRESSIVE;
				CLANG_CXX_LANGUAGE_STANDARD = "gnu++0x";
				CLANG_CXX_LIBRARY = "libc++";
				CLANG_ENABLE_MODULES = YES;
				CLANG_ENABLE_OBJC_ARC = YES;
				CLANG_WARN_BOOL_CONVERSION = YES;
				CLANG_WARN_CONSTANT_CONVERSION = YES;
				CLANG_WARN_DIRECT_OBJC_ISA_USAGE = YES_ERROR;
				CLANG_WARN_DOCUMENTATION_COMMENTS = YES;
				CLANG_WARN_EMPTY_BODY = YES;
				CLANG_WARN_ENUM_CONVERSION = YES;
				CLANG_WARN_INFINITE_RECURSION = YES;
				CLANG_WARN_INT_CONVERSION = YES;
				CLANG_WARN_OBJC_ROOT_CLASS = YES_ERROR;
				CLANG_WARN_SUSPICIOUS_MOVE = YES;
				CLANG_WARN_UNREACHABLE_CODE = YES;
				CLANG_WARN__DUPLICATE_METHOD_MATCH = YES;
				"CODE_SIGN_IDENTITY[sdk=iphoneos*]" = "iPhone Developer";
				COPY_PHASE_STRIP = NO;
				DEBUG_INFORMATION_FORMAT = dwarf;
				ENABLE_STRICT_OBJC_MSGSEND = YES;
				ENABLE_TESTABILITY = YES;
				GCC_C_LANGUAGE_STANDARD = gnu99;
				GCC_DYNAMIC_NO_PIC = NO;
				GCC_NO_COMMON_BLOCKS = YES;
				GCC_OPTIMIZATION_LEVEL = 0;
				GCC_PREPROCESSOR_DEFINITIONS = (
					"DEBUG=1",
					"$(inherited)",
				);
				GCC_WARN_64_TO_32_BIT_CONVERSION = YES;
				GCC_WARN_ABOUT_RETURN_TYPE = YES_ERROR;
				GCC_WARN_UNDECLARED_SELECTOR = YES;
				GCC_WARN_UNINITIALIZED_AUTOS = YES_AGGRESSIVE;
				GCC_WARN_UNUSED_FUNCTION = YES;
				GCC_WARN_UNUSED_VARIABLE = YES;
				IPHONEOS_DEPLOYMENT_TARGET = 9.0;
				MTL_ENABLE_DEBUG_INFO = YES;
				ONLY_ACTIVE_ARCH = YES;
				SDKROOT = iphoneos;
				SWIFT_ACTIVE_COMPILATION_CONDITIONS = DEBUG;
				SWIFT_OPTIMIZATION_LEVEL = "-Onone";
			};
			name = Debug;
		};
		6BB859681EA8CF0500D638A5 /* Release */ = {
			isa = XCBuildConfiguration;
			buildSettings = {
				ALWAYS_SEARCH_USER_PATHS = NO;
				CLANG_ANALYZER_LOCALIZABILITY_NONLOCALIZED = YES;
				CLANG_ANALYZER_NONNULL = YES;
				CLANG_ANALYZER_NUMBER_OBJECT_CONVERSION = YES_AGGRESSIVE;
				CLANG_CXX_LANGUAGE_STANDARD = "gnu++0x";
				CLANG_CXX_LIBRARY = "libc++";
				CLANG_ENABLE_MODULES = YES;
				CLANG_ENABLE_OBJC_ARC = YES;
				CLANG_WARN_BOOL_CONVERSION = YES;
				CLANG_WARN_CONSTANT_CONVERSION = YES;
				CLANG_WARN_DIRECT_OBJC_ISA_USAGE = YES_ERROR;
				CLANG_WARN_DOCUMENTATION_COMMENTS = YES;
				CLANG_WARN_EMPTY_BODY = YES;
				CLANG_WARN_ENUM_CONVERSION = YES;
				CLANG_WARN_INFINITE_RECURSION = YES;
				CLANG_WARN_INT_CONVERSION = YES;
				CLANG_WARN_OBJC_ROOT_CLASS = YES_ERROR;
				CLANG_WARN_SUSPICIOUS_MOVE = YES;
				CLANG_WARN_UNREACHABLE_CODE = YES;
				CLANG_WARN__DUPLICATE_METHOD_MATCH = YES;
				"CODE_SIGN_IDENTITY[sdk=iphoneos*]" = "iPhone Developer";
				COPY_PHASE_STRIP = NO;
				DEBUG_INFORMATION_FORMAT = "dwarf-with-dsym";
				ENABLE_NS_ASSERTIONS = NO;
				ENABLE_STRICT_OBJC_MSGSEND = YES;
				GCC_C_LANGUAGE_STANDARD = gnu99;
				GCC_NO_COMMON_BLOCKS = YES;
				GCC_WARN_64_TO_32_BIT_CONVERSION = YES;
				GCC_WARN_ABOUT_RETURN_TYPE = YES_ERROR;
				GCC_WARN_UNDECLARED_SELECTOR = YES;
				GCC_WARN_UNINITIALIZED_AUTOS = YES_AGGRESSIVE;
				GCC_WARN_UNUSED_FUNCTION = YES;
				GCC_WARN_UNUSED_VARIABLE = YES;
				IPHONEOS_DEPLOYMENT_TARGET = 9.0;
				MTL_ENABLE_DEBUG_INFO = NO;
				SDKROOT = iphoneos;
				SWIFT_OPTIMIZATION_LEVEL = "-Owholemodule";
				VALIDATE_PRODUCT = YES;
			};
			name = Release;
		};
		6BB8596A1EA8CF0500D638A5 /* Debug */ = {
			isa = XCBuildConfiguration;
			baseConfigurationReference = AF990E95B83428E0541E05ED /* Pods-Traber.debug.xcconfig */;
			buildSettings = {
				ASSETCATALOG_COMPILER_APPICON_NAME = AppIcon;
				ASSETCATALOG_COMPILER_LAUNCHIMAGE_NAME = LaunchImage;
				CLANG_ENABLE_MODULES = YES;
				CODE_SIGN_ENTITLEMENTS = Traber/Traber.entitlements;
				"CODE_SIGN_IDENTITY[sdk=iphoneos*]" = "iPhone Developer";
				DEVELOPMENT_TEAM = "";
				INFOPLIST_FILE = Traber/Info.plist;
				LD_RUNPATH_SEARCH_PATHS = "$(inherited) @executable_path/Frameworks";
				OTHER_LIBTOOLFLAGS = "";
				PRODUCT_BUNDLE_IDENTIFIER = com.aurora.Traber;
				PRODUCT_NAME = "$(TARGET_NAME)";
				PROVISIONING_PROFILE = "";
				PROVISIONING_PROFILE_SPECIFIER = "";
				SWIFT_OBJC_BRIDGING_HEADER = "Traber/Traber-Bridging-Header.h";
				SWIFT_OPTIMIZATION_LEVEL = "-Onone";
				SWIFT_VERSION = 3.0;
			};
			name = Debug;
		};
		6BB8596B1EA8CF0500D638A5 /* Release */ = {
			isa = XCBuildConfiguration;
			baseConfigurationReference = 223C504E7D051457AF1422E2 /* Pods-Traber.release.xcconfig */;
			buildSettings = {
				ASSETCATALOG_COMPILER_APPICON_NAME = AppIcon;
				ASSETCATALOG_COMPILER_LAUNCHIMAGE_NAME = LaunchImage;
				CLANG_ENABLE_MODULES = YES;
				CODE_SIGN_ENTITLEMENTS = Traber/Traber.entitlements;
				"CODE_SIGN_IDENTITY[sdk=iphoneos*]" = "iPhone Developer";
				DEVELOPMENT_TEAM = "";
				INFOPLIST_FILE = Traber/Info.plist;
				LD_RUNPATH_SEARCH_PATHS = "$(inherited) @executable_path/Frameworks";
				OTHER_LIBTOOLFLAGS = "";
				PRODUCT_BUNDLE_IDENTIFIER = com.aurora.Traber;
				PRODUCT_NAME = "$(TARGET_NAME)";
				PROVISIONING_PROFILE = "";
				PROVISIONING_PROFILE_SPECIFIER = "";
				SWIFT_OBJC_BRIDGING_HEADER = "Traber/Traber-Bridging-Header.h";
				SWIFT_VERSION = 3.0;
			};
			name = Release;
		};
/* End XCBuildConfiguration section */

/* Begin XCConfigurationList section */
		6BB859521EA8CF0400D638A5 /* Build configuration list for PBXProject "Traber" */ = {
			isa = XCConfigurationList;
			buildConfigurations = (
				6BB859671EA8CF0500D638A5 /* Debug */,
				6BB859681EA8CF0500D638A5 /* Release */,
			);
			defaultConfigurationIsVisible = 0;
			defaultConfigurationName = Release;
		};
		6BB859691EA8CF0500D638A5 /* Build configuration list for PBXNativeTarget "Traber" */ = {
			isa = XCConfigurationList;
			buildConfigurations = (
				6BB8596A1EA8CF0500D638A5 /* Debug */,
				6BB8596B1EA8CF0500D638A5 /* Release */,
			);
			defaultConfigurationIsVisible = 0;
			defaultConfigurationName = Release;
		};
/* End XCConfigurationList section */
	};
	rootObject = 6BB8594F1EA8CF0400D638A5 /* Project object */;
}
